{
  "object": {
    "pins": [
      {
        "package": "CrossKitTypes",
        "repositoryURL": "https://github.com/RougeWare/Swift-Cross-Kit-Types.git",
        "state": {
          "branch": null,
          "revision": "d64faa8d5e988352dff45e03a13da4f90c3a70e5",
          "version": "1.0.0"
        }
      },
      {
        "package": "LazyContainers",
        "repositoryURL": "https://github.com/RougeWare/Swift-Lazy-Patterns.git",
        "state": {
          "branch": null,
          "revision": "6981fb17266a8d59e27d44f9611954fd7d45cd7b",
          "version": "4.0.0"
        }
      },
      {
        "package": "MultiplicativeArithmetic",
        "repositoryURL": "https://github.com/RougeWare/Swift-MultiplicativeArithmetic.git",
        "state": {
          "branch": null,
          "revision": "71e7201b4debe94fe7dca6f10d6b34c487f991b2",
          "version": "1.2.0"
        }
      },
      {
        "package": "NonEmpty",
        "repositoryURL": "https://github.com/pointfreeco/swift-nonempty.git",
        "state": {
          "branch": null,
          "revision": "9ef8c4aea57b8da7fedd5303d29470ea2a00c08d",
          "version": "0.2.2"
        }
      },
      {
        "package": "OptionalTools",
        "repositoryURL": "https://github.com/RougeWare/Swift-Optional-Tools.git",
        "state": {
          "branch": null,
          "revision": "e930eccb0109de044b0c227a62d3df6c5e072f76",
          "version": "1.1.3"
        }
      },
      {
        "package": "RectangleTools",
        "repositoryURL": "https://github.com/RougeWare/Swift-Rectangle-Tools.git",
        "state": {
          "branch": null,
          "revision": "28d5ec88e786f65f3127c56049045c6b17fc3121",
          "version": "2.9.0"
        }
      },
      {
        "package": "SafeCollectionAccess",
        "repositoryURL": "https://github.com/RougeWare/Swift-Safe-Collection-Access.git",
        "state": {
          "branch": null,
          "revision": "244ed5b09fd527b1c6e33f7e1a64a568e7df607c",
          "version": "2.1.1"
        }
      },
      {
        "package": "SafePointer",
        "repositoryURL": "https://github.com/RougeWare/Swift-Safe-Pointer.git",
        "state": {
          "branch": null,
          "revision": "a71a39d19275d90e13f362c3d23163dc41318d85",
          "version": "2.1.3"
        }
      },
      {
        "package": "TODO",
        "repositoryURL": "https://github.com/RougeWare/Swift-TODO",
        "state": {
          "branch": null,
          "revision": "b8cd5bfb0d682f2ab525c9352ffd951d4d82edfd",
          "version": "1.1.0"
        }
      },
      {
        "package": "SevenSegmentDisplay",
        "repositoryURL": "https://github.com/RougeWare/SwiftUI-SevenSegmentDisplay.git",
        "state": {
          "branch": "feature/MVP",
          "revision": "09b587a10c7d9ec67a1c0c182b1fd588c09176a6",
          "version": null
        }
      },
      {
        "package": "UserDefault",
        "repositoryURL": "https://github.com/juliand665/UserDefault.git",
        "state": {
          "branch": null,
          "revision": "93255a96b54a3dd7d7b4aa6102721e249e847be5",
          "version": "1.0.0"
        }
      }
    ]
  },
  "version": 1
}
