{
  "object": {
    "pins": [
      {
        "package": "CrossKitTypes",
        "repositoryURL": "https://github.com/RougeWare/Swift-Cross-Kit-Types.git",
        "state": {
          "branch": null,
          "revision": "d64faa8d5e988352dff45e03a13da4f90c3a70e5",
          "version": "1.0.0"
        }
      },
      {
        "package": "MultiplicativeArithmetic",
        "repositoryURL": "https://github.com/RougeWare/Swift-MultiplicativeArithmetic.git",
        "state": {
          "branch": null,
          "revision": "71e7201b4debe94fe7dca6f10d6b34c487f991b2",
          "version": "1.2.0"
        }
      },
      {
        "package": "NonEmpty",
        "repositoryURL": "https://github.com/pointfreeco/swift-nonempty.git",
        "state": {
          "branch": null,
          "revision": "2051d80bcc1510f14508c942d64b5c6364ed1bdc",
          "version": "0.2.0"
        }
      },
      {
        "package": "RectangleTools",
        "repositoryURL": "https://github.com/RougeWare/Swift-Rectangle-Tools.git",
        "state": {
          "branch": null,
          "revision": "367a3b3e6520c5132e50170577c97e85b7c04a05",
          "version": "2.0.1"
        }
      },
      {
        "package": "SafeCollectionAccess",
        "repositoryURL": "https://github.com/RougeWare/Swift-Safe-Collection-Access.git",
        "state": {
          "branch": null,
          "revision": "b99bb75f4481d2b080d01ebfacee0fec50abe6c0",
          "version": "1.0.1"
        }
      }
    ]
  },
  "version": 1
}
