{
  "object": {
    "pins": [
      {
        "package": "CrossKitTypes",
        "repositoryURL": "https://github.com/RougeWare/Swift-Cross-Kit-Types.git",
        "state": {
          "branch": null,
          "revision": "d64faa8d5e988352dff45e03a13da4f90c3a70e5",
          "version": "1.0.0"
        }
      },
      {
        "package": "LazyContainers",
        "repositoryURL": "https://github.com/RougeWare/Swift-Lazy-Patterns.git",
        "state": {
          "branch": null,
          "revision": "df59ce2944def4b163f3d9b12c19c86b6f62e5e0",
          "version": "3.0.2"
        }
      },
      {
        "package": "MultiplicativeArithmetic",
        "repositoryURL": "https://github.com/RougeWare/Swift-MultiplicativeArithmetic.git",
        "state": {
          "branch": null,
          "revision": "71e7201b4debe94fe7dca6f10d6b34c487f991b2",
          "version": "1.2.0"
        }
      },
      {
        "package": "NonEmpty",
        "repositoryURL": "https://github.com/pointfreeco/swift-nonempty.git",
        "state": {
          "branch": null,
          "revision": "2051d80bcc1510f14508c942d64b5c6364ed1bdc",
          "version": "0.2.0"
        }
      },
      {
        "package": "OptionalTools",
        "repositoryURL": "https://github.com/RougeWare/Swift-Optional-Tools.git",
        "state": {
          "branch": null,
          "revision": "1b20da886944b9d258064c9a0deaecc1843e9fe0",
          "version": "1.0.0"
        }
      },
      {
        "package": "RectangleTools",
        "repositoryURL": "https://github.com/RougeWare/Swift-Rectangle-Tools.git",
        "state": {
          "branch": null,
          "revision": "54e1e057da5483fff9409cf85afb0f72e3e4877e",
          "version": "2.4.0"
        }
      },
      {
        "package": "SafeCollectionAccess",
        "repositoryURL": "https://github.com/RougeWare/Swift-Safe-Collection-Access.git",
        "state": {
          "branch": null,
          "revision": "990d5d0d1d61d44cf24604ad69e926d1dbea51d7",
          "version": "1.1.0"
        }
      },
      {
        "package": "SafePointer",
        "repositoryURL": "https://github.com/RougeWare/Swift-Safe-Pointer.git",
        "state": {
          "branch": null,
          "revision": "35a96bd9d1dd42ae1101341424c76c88a14da3f2",
          "version": "2.0.1"
        }
      },
      {
        "package": "TODO",
        "repositoryURL": "https://github.com/RougeWare/Swift-TODO",
        "state": {
          "branch": null,
          "revision": "8d227a03c493f1382a638bb7573510be24f789a3",
          "version": "1.0.0"
        }
      },
      {
        "package": "SevenSegmentDisplay",
        "repositoryURL": "https://github.com/RougeWare/SwiftUI-SevenSegmentDisplay.git",
        "state": {
          "branch": "feature/MVP",
          "revision": "09b587a10c7d9ec67a1c0c182b1fd588c09176a6",
          "version": null
        }
      },
      {
        "package": "UserDefault",
        "repositoryURL": "https://github.com/juliand665/UserDefault.git",
        "state": {
          "branch": null,
          "revision": "93255a96b54a3dd7d7b4aa6102721e249e847be5",
          "version": "1.0.0"
        }
      }
    ]
  },
  "version": 1
}
